// !$*UTF8*$!
{
	archiveVersion = 1;
	classes = {
	};
	objectVersion = 51;
	objects = {

/* Begin PBXBuildFile section */
		640E501B249FB8FE00E7C717 /* Task.swift in Sources */ = {isa = PBXBuildFile; fileRef = 640E501A249FB8FE00E7C717 /* Task.swift */; };
		640E501D24A2495300E7C717 /* NextViewController.swift in Sources */ = {isa = PBXBuildFile; fileRef = 640E501C24A2495300E7C717 /* NextViewController.swift */; };
		640E501F24A638FA00E7C717 /* ActivityItemsorce.swift in Sources */ = {isa = PBXBuildFile; fileRef = 640E501E24A638FA00E7C717 /* ActivityItemsorce.swift */; };
		640E502324A6542C00E7C717 /* MyUINavigationController.swift in Sources */ = {isa = PBXBuildFile; fileRef = 640E502224A6542C00E7C717 /* MyUINavigationController.swift */; };
		640E504724A7640B00E7C717 /* プライバシーポリシー.txt in Resources */ = {isa = PBXBuildFile; fileRef = 640E504624A7640B00E7C717 /* プライバシーポリシー.txt */; };
		649F8314249E4AB500023865 /* AppDelegate.swift in Sources */ = {isa = PBXBuildFile; fileRef = 649F8313249E4AB500023865 /* AppDelegate.swift */; };
		649F8316249E4AB500023865 /* SceneDelegate.swift in Sources */ = {isa = PBXBuildFile; fileRef = 649F8315249E4AB500023865 /* SceneDelegate.swift */; };
		649F8318249E4AB500023865 /* ViewController.swift in Sources */ = {isa = PBXBuildFile; fileRef = 649F8317249E4AB500023865 /* ViewController.swift */; };
		649F831B249E4AB500023865 /* Main.storyboard in Resources */ = {isa = PBXBuildFile; fileRef = 649F8319249E4AB500023865 /* Main.storyboard */; };
		649F831D249E4ABB00023865 /* Assets.xcassets in Resources */ = {isa = PBXBuildFile; fileRef = 649F831C249E4ABB00023865 /* Assets.xcassets */; };
		649F8320249E4ABB00023865 /* LaunchScreen.storyboard in Resources */ = {isa = PBXBuildFile; fileRef = 649F831E249E4ABB00023865 /* LaunchScreen.storyboard */; };
		649F832B249E6A9300023865 /* TableViewCell.swift in Sources */ = {isa = PBXBuildFile; fileRef = 649F8329249E6A9300023865 /* TableViewCell.swift */; };
		649F832C249E6A9300023865 /* TableViewCell.xib in Resources */ = {isa = PBXBuildFile; fileRef = 649F832A249E6A9300023865 /* TableViewCell.xib */; };
		649F832E249E782800023865 /* HomeViewController.swift in Sources */ = {isa = PBXBuildFile; fileRef = 649F832D249E782800023865 /* HomeViewController.swift */; };
		649F8330249E86D100023865 /* GoogleService-Info.plist in Resources */ = {isa = PBXBuildFile; fileRef = 649F832F249E86D000023865 /* GoogleService-Info.plist */; };
		649F8332249E96D000023865 /* PostViewController.swift in Sources */ = {isa = PBXBuildFile; fileRef = 649F8331249E96D000023865 /* PostViewController.swift */; };
		64C741BF24B48C400018258E /* ImagePickerViewController.swift in Sources */ = {isa = PBXBuildFile; fileRef = 64C741BE24B48C400018258E /* ImagePickerViewController.swift */; };
		82BE57E41123E8ED602A5892 /* Pods_JisuiKiloku.framework in Frameworks */ = {isa = PBXBuildFile; fileRef = FBE76F35E9B3141EFBDB458B /* Pods_JisuiKiloku.framework */; };
/* End PBXBuildFile section */

/* Begin PBXFileReference section */
		009F940FECFC720496976CDA /* Pods-KaraAge.debug.xcconfig */ = {isa = PBXFileReference; includeInIndex = 1; lastKnownFileType = text.xcconfig; name = "Pods-KaraAge.debug.xcconfig"; path = "Target Support Files/Pods-KaraAge/Pods-KaraAge.debug.xcconfig"; sourceTree = "<group>"; };
		03CDECE8136AC7E3309DBC39 /* Pods-KaraAge.release.xcconfig */ = {isa = PBXFileReference; includeInIndex = 1; lastKnownFileType = text.xcconfig; name = "Pods-KaraAge.release.xcconfig"; path = "Target Support Files/Pods-KaraAge/Pods-KaraAge.release.xcconfig"; sourceTree = "<group>"; };
		640E501A249FB8FE00E7C717 /* Task.swift */ = {isa = PBXFileReference; lastKnownFileType = sourcecode.swift; path = Task.swift; sourceTree = "<group>"; };
		640E501C24A2495300E7C717 /* NextViewController.swift */ = {isa = PBXFileReference; lastKnownFileType = sourcecode.swift; path = NextViewController.swift; sourceTree = "<group>"; };
		640E501E24A638FA00E7C717 /* ActivityItemsorce.swift */ = {isa = PBXFileReference; lastKnownFileType = sourcecode.swift; path = ActivityItemsorce.swift; sourceTree = "<group>"; };
		640E502224A6542C00E7C717 /* MyUINavigationController.swift */ = {isa = PBXFileReference; lastKnownFileType = sourcecode.swift; path = MyUINavigationController.swift; sourceTree = "<group>"; };
		640E504624A7640B00E7C717 /* プライバシーポリシー.txt */ = {isa = PBXFileReference; fileEncoding = 4; lastKnownFileType = text; path = "プライバシーポリシー.txt"; sourceTree = SOURCE_ROOT; };
		649F8310249E4AB500023865 /* JisuiKiloku.app */ = {isa = PBXFileReference; explicitFileType = wrapper.application; includeInIndex = 0; path = JisuiKiloku.app; sourceTree = BUILT_PRODUCTS_DIR; };
		649F8313249E4AB500023865 /* AppDelegate.swift */ = {isa = PBXFileReference; lastKnownFileType = sourcecode.swift; path = AppDelegate.swift; sourceTree = "<group>"; };
		649F8315249E4AB500023865 /* SceneDelegate.swift */ = {isa = PBXFileReference; lastKnownFileType = sourcecode.swift; path = SceneDelegate.swift; sourceTree = "<group>"; };
		649F8317249E4AB500023865 /* ViewController.swift */ = {isa = PBXFileReference; lastKnownFileType = sourcecode.swift; path = ViewController.swift; sourceTree = "<group>"; };
		649F831A249E4AB500023865 /* Base */ = {isa = PBXFileReference; lastKnownFileType = file.storyboard; name = Base; path = Base.lproj/Main.storyboard; sourceTree = "<group>"; };
		649F831C249E4ABB00023865 /* Assets.xcassets */ = {isa = PBXFileReference; lastKnownFileType = folder.assetcatalog; path = Assets.xcassets; sourceTree = "<group>"; };
		649F831F249E4ABB00023865 /* Base */ = {isa = PBXFileReference; lastKnownFileType = file.storyboard; name = Base; path = Base.lproj/LaunchScreen.storyboard; sourceTree = "<group>"; };
		649F8321249E4ABB00023865 /* Info.plist */ = {isa = PBXFileReference; lastKnownFileType = text.plist.xml; path = Info.plist; sourceTree = "<group>"; };
		649F8329249E6A9300023865 /* TableViewCell.swift */ = {isa = PBXFileReference; lastKnownFileType = sourcecode.swift; path = TableViewCell.swift; sourceTree = "<group>"; };
		649F832A249E6A9300023865 /* TableViewCell.xib */ = {isa = PBXFileReference; lastKnownFileType = file.xib; path = TableViewCell.xib; sourceTree = "<group>"; };
		649F832D249E782800023865 /* HomeViewController.swift */ = {isa = PBXFileReference; lastKnownFileType = sourcecode.swift; path = HomeViewController.swift; sourceTree = "<group>"; };
		649F832F249E86D000023865 /* GoogleService-Info.plist */ = {isa = PBXFileReference; fileEncoding = 4; lastKnownFileType = text.plist.xml; path = "GoogleService-Info.plist"; sourceTree = "<group>"; };
		649F8331249E96D000023865 /* PostViewController.swift */ = {isa = PBXFileReference; lastKnownFileType = sourcecode.swift; path = PostViewController.swift; sourceTree = "<group>"; };
		64C741BE24B48C400018258E /* ImagePickerViewController.swift */ = {isa = PBXFileReference; lastKnownFileType = sourcecode.swift; path = ImagePickerViewController.swift; sourceTree = "<group>"; };
		915DB4EAB57B146A19914E4A /* Pods-JisuiKiloku.debug.xcconfig */ = {isa = PBXFileReference; includeInIndex = 1; lastKnownFileType = text.xcconfig; name = "Pods-JisuiKiloku.debug.xcconfig"; path = "Target Support Files/Pods-JisuiKiloku/Pods-JisuiKiloku.debug.xcconfig"; sourceTree = "<group>"; };
		FA1126AE55E1E8CD9B761EFA /* Pods-JisuiKiloku.release.xcconfig */ = {isa = PBXFileReference; includeInIndex = 1; lastKnownFileType = text.xcconfig; name = "Pods-JisuiKiloku.release.xcconfig"; path = "Target Support Files/Pods-JisuiKiloku/Pods-JisuiKiloku.release.xcconfig"; sourceTree = "<group>"; };
		FBE76F35E9B3141EFBDB458B /* Pods_JisuiKiloku.framework */ = {isa = PBXFileReference; explicitFileType = wrapper.framework; includeInIndex = 0; path = Pods_JisuiKiloku.framework; sourceTree = BUILT_PRODUCTS_DIR; };
/* End PBXFileReference section */

/* Begin PBXFrameworksBuildPhase section */
		649F830D249E4AB500023865 /* Frameworks */ = {
			isa = PBXFrameworksBuildPhase;
			buildActionMask = 2147483647;
			files = (
				82BE57E41123E8ED602A5892 /* Pods_JisuiKiloku.framework in Frameworks */,
			);
			runOnlyForDeploymentPostprocessing = 0;
		};
/* End PBXFrameworksBuildPhase section */

/* Begin PBXGroup section */
		649F8307249E4AB500023865 = {
			isa = PBXGroup;
			children = (
				649F8312249E4AB500023865 /* JisuiKiloku */,
				649F8311249E4AB500023865 /* Products */,
				6B9CE0962229D1E1582BA288 /* Pods */,
				BAF5FD1268DC6F01DCB98729 /* Frameworks */,
			);
			sourceTree = "<group>";
		};
		649F8311249E4AB500023865 /* Products */ = {
			isa = PBXGroup;
			children = (
				649F8310249E4AB500023865 /* JisuiKiloku.app */,
			);
			name = Products;
			sourceTree = "<group>";
		};
		649F8312249E4AB500023865 /* JisuiKiloku */ = {
			isa = PBXGroup;
			children = (
				649F8313249E4AB500023865 /* AppDelegate.swift */,
				649F8315249E4AB500023865 /* SceneDelegate.swift */,
				640E501A249FB8FE00E7C717 /* Task.swift */,
				649F8319249E4AB500023865 /* Main.storyboard */,
				640E502224A6542C00E7C717 /* MyUINavigationController.swift */,
				649F8317249E4AB500023865 /* ViewController.swift */,
				64C741BE24B48C400018258E /* ImagePickerViewController.swift */,
				649F832D249E782800023865 /* HomeViewController.swift */,
				640E501E24A638FA00E7C717 /* ActivityItemsorce.swift */,
				649F8331249E96D000023865 /* PostViewController.swift */,
				640E501C24A2495300E7C717 /* NextViewController.swift */,
				649F831C249E4ABB00023865 /* Assets.xcassets */,
				649F8329249E6A9300023865 /* TableViewCell.swift */,
				649F832A249E6A9300023865 /* TableViewCell.xib */,
				649F831E249E4ABB00023865 /* LaunchScreen.storyboard */,
				649F8321249E4ABB00023865 /* Info.plist */,
				649F832F249E86D000023865 /* GoogleService-Info.plist */,
				640E504624A7640B00E7C717 /* プライバシーポリシー.txt */,
			);
			path = JisuiKiloku;
			sourceTree = "<group>";
		};
		6B9CE0962229D1E1582BA288 /* Pods */ = {
			isa = PBXGroup;
			children = (
				009F940FECFC720496976CDA /* Pods-KaraAge.debug.xcconfig */,
				03CDECE8136AC7E3309DBC39 /* Pods-KaraAge.release.xcconfig */,
				915DB4EAB57B146A19914E4A /* Pods-JisuiKiloku.debug.xcconfig */,
				FA1126AE55E1E8CD9B761EFA /* Pods-JisuiKiloku.release.xcconfig */,
			);
			path = Pods;
			sourceTree = "<group>";
		};
		BAF5FD1268DC6F01DCB98729 /* Frameworks */ = {
			isa = PBXGroup;
			children = (
				FBE76F35E9B3141EFBDB458B /* Pods_JisuiKiloku.framework */,
			);
			name = Frameworks;
			sourceTree = "<group>";
		};
/* End PBXGroup section */

/* Begin PBXNativeTarget section */
		649F830F249E4AB500023865 /* JisuiKiloku */ = {
			isa = PBXNativeTarget;
			buildConfigurationList = 649F8324249E4ABB00023865 /* Build configuration list for PBXNativeTarget "JisuiKiloku" */;
			buildPhases = (
				A80256108783EB7DA244577B /* [CP] Check Pods Manifest.lock */,
				649F830C249E4AB500023865 /* Sources */,
				649F830D249E4AB500023865 /* Frameworks */,
				649F830E249E4AB500023865 /* Resources */,
				DFD6E705F5B09EFA6853488B /* [CP] Embed Pods Frameworks */,
			);
			buildRules = (
			);
			dependencies = (
			);
			name = JisuiKiloku;
			productName = KaraAge;
			productReference = 649F8310249E4AB500023865 /* JisuiKiloku.app */;
			productType = "com.apple.product-type.application";
		};
/* End PBXNativeTarget section */

/* Begin PBXProject section */
		649F8308249E4AB500023865 /* Project object */ = {
			isa = PBXProject;
			attributes = {
				LastSwiftUpdateCheck = 1130;
				LastUpgradeCheck = 1130;
				ORGANIZATIONNAME = takahashi;
				TargetAttributes = {
					649F830F249E4AB500023865 = {
						CreatedOnToolsVersion = 11.3.1;
					};
				};
			};
			buildConfigurationList = 649F830B249E4AB500023865 /* Build configuration list for PBXProject "JisuiKiloku" */;
			compatibilityVersion = "Xcode 9.3";
			developmentRegion = en;
			hasScannedForEncodings = 0;
			knownRegions = (
				en,
				Base,
			);
			mainGroup = 649F8307249E4AB500023865;
			productRefGroup = 649F8311249E4AB500023865 /* Products */;
			projectDirPath = "";
			projectRoot = "";
			targets = (
				649F830F249E4AB500023865 /* JisuiKiloku */,
			);
		};
/* End PBXProject section */

/* Begin PBXResourcesBuildPhase section */
		649F830E249E4AB500023865 /* Resources */ = {
			isa = PBXResourcesBuildPhase;
			buildActionMask = 2147483647;
			files = (
				649F8320249E4ABB00023865 /* LaunchScreen.storyboard in Resources */,
				649F832C249E6A9300023865 /* TableViewCell.xib in Resources */,
				649F8330249E86D100023865 /* GoogleService-Info.plist in Resources */,
				649F831D249E4ABB00023865 /* Assets.xcassets in Resources */,
				640E504724A7640B00E7C717 /* プライバシーポリシー.txt in Resources */,
				649F831B249E4AB500023865 /* Main.storyboard in Resources */,
			);
			runOnlyForDeploymentPostprocessing = 0;
		};
/* End PBXResourcesBuildPhase section */

/* Begin PBXShellScriptBuildPhase section */
		A80256108783EB7DA244577B /* [CP] Check Pods Manifest.lock */ = {
			isa = PBXShellScriptBuildPhase;
			buildActionMask = 2147483647;
			files = (
			);
			inputFileListPaths = (
			);
			inputPaths = (
				"${PODS_PODFILE_DIR_PATH}/Podfile.lock",
				"${PODS_ROOT}/Manifest.lock",
			);
			name = "[CP] Check Pods Manifest.lock";
			outputFileListPaths = (
			);
			outputPaths = (
				"$(DERIVED_FILE_DIR)/Pods-JisuiKiloku-checkManifestLockResult.txt",
			);
			runOnlyForDeploymentPostprocessing = 0;
			shellPath = /bin/sh;
			shellScript = "diff \"${PODS_PODFILE_DIR_PATH}/Podfile.lock\" \"${PODS_ROOT}/Manifest.lock\" > /dev/null\nif [ $? != 0 ] ; then\n    # print error to STDERR\n    echo \"error: The sandbox is not in sync with the Podfile.lock. Run 'pod install' or update your CocoaPods installation.\" >&2\n    exit 1\nfi\n# This output is used by Xcode 'outputs' to avoid re-running this script phase.\necho \"SUCCESS\" > \"${SCRIPT_OUTPUT_FILE_0}\"\n";
			showEnvVarsInLog = 0;
		};
		DFD6E705F5B09EFA6853488B /* [CP] Embed Pods Frameworks */ = {
			isa = PBXShellScriptBuildPhase;
			buildActionMask = 2147483647;
			files = (
			);
			inputFileListPaths = (
				"${PODS_ROOT}/Target Support Files/Pods-JisuiKiloku/Pods-JisuiKiloku-frameworks-${CONFIGURATION}-input-files.xcfilelist",
			);
			name = "[CP] Embed Pods Frameworks";
			outputFileListPaths = (
				"${PODS_ROOT}/Target Support Files/Pods-JisuiKiloku/Pods-JisuiKiloku-frameworks-${CONFIGURATION}-output-files.xcfilelist",
			);
			runOnlyForDeploymentPostprocessing = 0;
			shellPath = /bin/sh;
			shellScript = "\"${PODS_ROOT}/Target Support Files/Pods-JisuiKiloku/Pods-JisuiKiloku-frameworks.sh\"\n";
			showEnvVarsInLog = 0;
		};
/* End PBXShellScriptBuildPhase section */

/* Begin PBXSourcesBuildPhase section */
		649F830C249E4AB500023865 /* Sources */ = {
			isa = PBXSourcesBuildPhase;
			buildActionMask = 2147483647;
			files = (
				640E501B249FB8FE00E7C717 /* Task.swift in Sources */,
				640E501D24A2495300E7C717 /* NextViewController.swift in Sources */,
				649F8332249E96D000023865 /* PostViewController.swift in Sources */,
				640E502324A6542C00E7C717 /* MyUINavigationController.swift in Sources */,
				64C741BF24B48C400018258E /* ImagePickerViewController.swift in Sources */,
				649F832E249E782800023865 /* HomeViewController.swift in Sources */,
				640E501F24A638FA00E7C717 /* ActivityItemsorce.swift in Sources */,
				649F832B249E6A9300023865 /* TableViewCell.swift in Sources */,
				649F8318249E4AB500023865 /* ViewController.swift in Sources */,
				649F8314249E4AB500023865 /* AppDelegate.swift in Sources */,
				649F8316249E4AB500023865 /* SceneDelegate.swift in Sources */,
			);
			runOnlyForDeploymentPostprocessing = 0;
		};
/* End PBXSourcesBuildPhase section */

/* Begin PBXVariantGroup section */
		649F8319249E4AB500023865 /* Main.storyboard */ = {
			isa = PBXVariantGroup;
			children = (
				649F831A249E4AB500023865 /* Base */,
			);
			name = Main.storyboard;
			sourceTree = "<group>";
		};
		649F831E249E4ABB00023865 /* LaunchScreen.storyboard */ = {
			isa = PBXVariantGroup;
			children = (
				649F831F249E4ABB00023865 /* Base */,
			);
			name = LaunchScreen.storyboard;
			sourceTree = "<group>";
		};
/* End PBXVariantGroup section */

/* Begin XCBuildConfiguration section */
		649F8322249E4ABB00023865 /* Debug */ = {
			isa = XCBuildConfiguration;
			buildSettings = {
				ALWAYS_SEARCH_USER_PATHS = NO;
				CLANG_ANALYZER_NONNULL = YES;
				CLANG_ANALYZER_NUMBER_OBJECT_CONVERSION = YES_AGGRESSIVE;
				CLANG_CXX_LANGUAGE_STANDARD = "gnu++14";
				CLANG_CXX_LIBRARY = "libc++";
				CLANG_ENABLE_MODULES = YES;
				CLANG_ENABLE_OBJC_ARC = YES;
				CLANG_ENABLE_OBJC_WEAK = YES;
				CLANG_WARN_BLOCK_CAPTURE_AUTORELEASING = YES;
				CLANG_WARN_BOOL_CONVERSION = YES;
				CLANG_WARN_COMMA = YES;
				CLANG_WARN_CONSTANT_CONVERSION = YES;
				CLANG_WARN_DEPRECATED_OBJC_IMPLEMENTATIONS = YES;
				CLANG_WARN_DIRECT_OBJC_ISA_USAGE = YES_ERROR;
				CLANG_WARN_DOCUMENTATION_COMMENTS = YES;
				CLANG_WARN_EMPTY_BODY = YES;
				CLANG_WARN_ENUM_CONVERSION = YES;
				CLANG_WARN_INFINITE_RECURSION = YES;
				CLANG_WARN_INT_CONVERSION = YES;
				CLANG_WARN_NON_LITERAL_NULL_CONVERSION = YES;
				CLANG_WARN_OBJC_IMPLICIT_RETAIN_SELF = YES;
				CLANG_WARN_OBJC_LITERAL_CONVERSION = YES;
				CLANG_WARN_OBJC_ROOT_CLASS = YES_ERROR;
				CLANG_WARN_RANGE_LOOP_ANALYSIS = YES;
				CLANG_WARN_STRICT_PROTOTYPES = YES;
				CLANG_WARN_SUSPICIOUS_MOVE = YES;
				CLANG_WARN_UNGUARDED_AVAILABILITY = YES_AGGRESSIVE;
				CLANG_WARN_UNREACHABLE_CODE = YES;
				CLANG_WARN__DUPLICATE_METHOD_MATCH = YES;
				COPY_PHASE_STRIP = NO;
				DEBUG_INFORMATION_FORMAT = dwarf;
				ENABLE_STRICT_OBJC_MSGSEND = YES;
				ENABLE_TESTABILITY = YES;
				GCC_C_LANGUAGE_STANDARD = gnu11;
				GCC_DYNAMIC_NO_PIC = NO;
				GCC_NO_COMMON_BLOCKS = YES;
				GCC_OPTIMIZATION_LEVEL = 0;
				GCC_PREPROCESSOR_DEFINITIONS = (
					"DEBUG=1",
					"$(inherited)",
				);
				GCC_WARN_64_TO_32_BIT_CONVERSION = YES;
				GCC_WARN_ABOUT_RETURN_TYPE = YES_ERROR;
				GCC_WARN_UNDECLARED_SELECTOR = YES;
				GCC_WARN_UNINITIALIZED_AUTOS = YES_AGGRESSIVE;
				GCC_WARN_UNUSED_FUNCTION = YES;
				GCC_WARN_UNUSED_VARIABLE = YES;
				IPHONEOS_DEPLOYMENT_TARGET = 13.2;
				MTL_ENABLE_DEBUG_INFO = INCLUDE_SOURCE;
				MTL_FAST_MATH = YES;
				ONLY_ACTIVE_ARCH = YES;
				SDKROOT = iphoneos;
				SWIFT_ACTIVE_COMPILATION_CONDITIONS = DEBUG;
				SWIFT_OPTIMIZATION_LEVEL = "-Onone";
			};
			name = Debug;
		};
		649F8323249E4ABB00023865 /* Release */ = {
			isa = XCBuildConfiguration;
			buildSettings = {
				ALWAYS_SEARCH_USER_PATHS = NO;
				CLANG_ANALYZER_NONNULL = YES;
				CLANG_ANALYZER_NUMBER_OBJECT_CONVERSION = YES_AGGRESSIVE;
				CLANG_CXX_LANGUAGE_STANDARD = "gnu++14";
				CLANG_CXX_LIBRARY = "libc++";
				CLANG_ENABLE_MODULES = YES;
				CLANG_ENABLE_OBJC_ARC = YES;
				CLANG_ENABLE_OBJC_WEAK = YES;
				CLANG_WARN_BLOCK_CAPTURE_AUTORELEASING = YES;
				CLANG_WARN_BOOL_CONVERSION = YES;
				CLANG_WARN_COMMA = YES;
				CLANG_WARN_CONSTANT_CONVERSION = YES;
				CLANG_WARN_DEPRECATED_OBJC_IMPLEMENTATIONS = YES;
				CLANG_WARN_DIRECT_OBJC_ISA_USAGE = YES_ERROR;
				CLANG_WARN_DOCUMENTATION_COMMENTS = YES;
				CLANG_WARN_EMPTY_BODY = YES;
				CLANG_WARN_ENUM_CONVERSION = YES;
				CLANG_WARN_INFINITE_RECURSION = YES;
				CLANG_WARN_INT_CONVERSION = YES;
				CLANG_WARN_NON_LITERAL_NULL_CONVERSION = YES;
				CLANG_WARN_OBJC_IMPLICIT_RETAIN_SELF = YES;
				CLANG_WARN_OBJC_LITERAL_CONVERSION = YES;
				CLANG_WARN_OBJC_ROOT_CLASS = YES_ERROR;
				CLANG_WARN_RANGE_LOOP_ANALYSIS = YES;
				CLANG_WARN_STRICT_PROTOTYPES = YES;
				CLANG_WARN_SUSPICIOUS_MOVE = YES;
				CLANG_WARN_UNGUARDED_AVAILABILITY = YES_AGGRESSIVE;
				CLANG_WARN_UNREACHABLE_CODE = YES;
				CLANG_WARN__DUPLICATE_METHOD_MATCH = YES;
				COPY_PHASE_STRIP = NO;
				DEBUG_INFORMATION_FORMAT = "dwarf-with-dsym";
				ENABLE_NS_ASSERTIONS = NO;
				ENABLE_STRICT_OBJC_MSGSEND = YES;
				GCC_C_LANGUAGE_STANDARD = gnu11;
				GCC_NO_COMMON_BLOCKS = YES;
				GCC_WARN_64_TO_32_BIT_CONVERSION = YES;
				GCC_WARN_ABOUT_RETURN_TYPE = YES_ERROR;
				GCC_WARN_UNDECLARED_SELECTOR = YES;
				GCC_WARN_UNINITIALIZED_AUTOS = YES_AGGRESSIVE;
				GCC_WARN_UNUSED_FUNCTION = YES;
				GCC_WARN_UNUSED_VARIABLE = YES;
				IPHONEOS_DEPLOYMENT_TARGET = 13.2;
				MTL_ENABLE_DEBUG_INFO = NO;
				MTL_FAST_MATH = YES;
				SDKROOT = iphoneos;
				SWIFT_COMPILATION_MODE = wholemodule;
				SWIFT_OPTIMIZATION_LEVEL = "-O";
				VALIDATE_PRODUCT = YES;
			};
			name = Release;
		};
		649F8325249E4ABB00023865 /* Debug */ = {
			isa = XCBuildConfiguration;
			baseConfigurationReference = 915DB4EAB57B146A19914E4A /* Pods-JisuiKiloku.debug.xcconfig */;
			buildSettings = {
				ASSETCATALOG_COMPILER_APPICON_NAME = AppIcon;
				CODE_SIGN_STYLE = Automatic;
				CURRENT_PROJECT_VERSION = 1;
				DEVELOPMENT_TEAM = J8LP9MW8T8;
				INFOPLIST_FILE = JisuiKiloku/Info.plist;
				LD_RUNPATH_SEARCH_PATHS = (
					"$(inherited)",
					"@executable_path/Frameworks",
				);
				MARKETING_VERSION = 1.0.4;
				PRODUCT_BUNDLE_IDENTIFIER = jp.tomokazu.takahashi.JisuiKiloku;
				PRODUCT_NAME = "$(TARGET_NAME)";
				SWIFT_VERSION = 5.0;
				TARGETED_DEVICE_FAMILY = 1;
			};
			name = Debug;
		};
		649F8326249E4ABB00023865 /* Release */ = {
			isa = XCBuildConfiguration;
			baseConfigurationReference = FA1126AE55E1E8CD9B761EFA /* Pods-JisuiKiloku.release.xcconfig */;
			buildSettings = {
				ASSETCATALOG_COMPILER_APPICON_NAME = AppIcon;
				CODE_SIGN_STYLE = Automatic;
				CURRENT_PROJECT_VERSION = 1;
				DEVELOPMENT_TEAM = J8LP9MW8T8;
				INFOPLIST_FILE = JisuiKiloku/Info.plist;
				LD_RUNPATH_SEARCH_PATHS = (
					"$(inherited)",
					"@executable_path/Frameworks",
				);
				MARKETING_VERSION = 1.0.4;
				PRODUCT_BUNDLE_IDENTIFIER = jp.tomokazu.takahashi.JisuiKiloku;
				PRODUCT_NAME = "$(TARGET_NAME)";
				SWIFT_VERSION = 5.0;
				TARGETED_DEVICE_FAMILY = 1;
			};
			name = Release;
		};
/* End XCBuildConfiguration section */

/* Begin XCConfigurationList section */
		649F830B249E4AB500023865 /* Build configuration list for PBXProject "JisuiKiloku" */ = {
			isa = XCConfigurationList;
			buildConfigurations = (
				649F8322249E4ABB00023865 /* Debug */,
				649F8323249E4ABB00023865 /* Release */,
			);
			defaultConfigurationIsVisible = 0;
			defaultConfigurationName = Release;
		};
		649F8324249E4ABB00023865 /* Build configuration list for PBXNativeTarget "JisuiKiloku" */ = {
			isa = XCConfigurationList;
			buildConfigurations = (
				649F8325249E4ABB00023865 /* Debug */,
				649F8326249E4ABB00023865 /* Release */,
			);
			defaultConfigurationIsVisible = 0;
			defaultConfigurationName = Release;
		};
/* End XCConfigurationList section */
	};
	rootObject = 649F8308249E4AB500023865 /* Project object */;
}
